// !$*UTF8*$!
{
	archiveVersion = 1;
	classes = {
	};
	objectVersion = 46;
	objects = {

/* Begin PBXBuildFile section */
		04DBFB7114CFD89A0078C8B5 /* NSObject+SBJson.m in Sources */ = {isa = PBXBuildFile; fileRef = 04DBFB5B14CFD89A0078C8B5 /* NSObject+SBJson.m */; settings = {COMPILER_FLAGS = "-fno-objc-arc"; }; };
		04DBFB7214CFD89A0078C8B5 /* SBJsonParser.m in Sources */ = {isa = PBXBuildFile; fileRef = 04DBFB5E14CFD89A0078C8B5 /* SBJsonParser.m */; settings = {COMPILER_FLAGS = "-fno-objc-arc"; }; };
		04DBFB7314CFD89A0078C8B5 /* SBJsonStreamParser.m in Sources */ = {isa = PBXBuildFile; fileRef = 04DBFB6014CFD89A0078C8B5 /* SBJsonStreamParser.m */; settings = {COMPILER_FLAGS = "-fno-objc-arc"; }; };
		04DBFB7414CFD89A0078C8B5 /* SBJsonStreamParserAccumulator.m in Sources */ = {isa = PBXBuildFile; fileRef = 04DBFB6214CFD89A0078C8B5 /* SBJsonStreamParserAccumulator.m */; settings = {COMPILER_FLAGS = "-fno-objc-arc"; }; };
		04DBFB7514CFD89A0078C8B5 /* SBJsonStreamParserState.m in Sources */ = {isa = PBXBuildFile; fileRef = 04DBFB6414CFD89A0078C8B5 /* SBJsonStreamParserState.m */; settings = {COMPILER_FLAGS = "-fno-objc-arc"; }; };
		04DBFB7614CFD89A0078C8B5 /* SBJsonStreamWriter.m in Sources */ = {isa = PBXBuildFile; fileRef = 04DBFB6614CFD89A0078C8B5 /* SBJsonStreamWriter.m */; settings = {COMPILER_FLAGS = "-fno-objc-arc"; }; };
		04DBFB7714CFD89A0078C8B5 /* SBJsonStreamWriterAccumulator.m in Sources */ = {isa = PBXBuildFile; fileRef = 04DBFB6814CFD89A0078C8B5 /* SBJsonStreamWriterAccumulator.m */; settings = {COMPILER_FLAGS = "-fno-objc-arc"; }; };
		04DBFB7814CFD89A0078C8B5 /* SBJsonStreamWriterState.m in Sources */ = {isa = PBXBuildFile; fileRef = 04DBFB6A14CFD89A0078C8B5 /* SBJsonStreamWriterState.m */; settings = {COMPILER_FLAGS = "-fno-objc-arc"; }; };
		04DBFB7914CFD89A0078C8B5 /* SBJsonTokeniser.m in Sources */ = {isa = PBXBuildFile; fileRef = 04DBFB6C14CFD89A0078C8B5 /* SBJsonTokeniser.m */; settings = {COMPILER_FLAGS = "-fno-objc-arc"; }; };
		04DBFB7A14CFD89A0078C8B5 /* SBJsonUTF8Stream.m in Sources */ = {isa = PBXBuildFile; fileRef = 04DBFB6E14CFD89A0078C8B5 /* SBJsonUTF8Stream.m */; settings = {COMPILER_FLAGS = "-fno-objc-arc"; }; };
		04DBFB7B14CFD89A0078C8B5 /* SBJsonWriter.m in Sources */ = {isa = PBXBuildFile; fileRef = 04DBFB7014CFD89A0078C8B5 /* SBJsonWriter.m */; settings = {COMPILER_FLAGS = "-fno-objc-arc"; }; };
		04DBFB8114CFD8DE0078C8B5 /* GTMNSString+HTML.m in Sources */ = {isa = PBXBuildFile; fileRef = 04DBFB7E14CFD8DE0078C8B5 /* GTMNSString+HTML.m */; settings = {COMPILER_FLAGS = "-fno-objc-arc"; }; };
		04DBFB8214CFD8DE0078C8B5 /* RegexKitLite.m in Sources */ = {isa = PBXBuildFile; fileRef = 04DBFB8014CFD8DE0078C8B5 /* RegexKitLite.m */; settings = {COMPILER_FLAGS = "-fno-objc-arc"; }; };
		34295806138BB27D00F8352F /* UIKit.framework in Frameworks */ = {isa = PBXBuildFile; fileRef = 34295805138BB27D00F8352F /* UIKit.framework */; };
		34295808138BB27D00F8352F /* Foundation.framework in Frameworks */ = {isa = PBXBuildFile; fileRef = 34295807138BB27D00F8352F /* Foundation.framework */; };
		3429580A138BB27D00F8352F /* CoreGraphics.framework in Frameworks */ = {isa = PBXBuildFile; fileRef = 34295809138BB27D00F8352F /* CoreGraphics.framework */; };
		34295810138BB27D00F8352F /* InfoPlist.strings in Resources */ = {isa = PBXBuildFile; fileRef = 3429580E138BB27D00F8352F /* InfoPlist.strings */; };
		34295813138BB27D00F8352F /* main.m in Sources */ = {isa = PBXBuildFile; fileRef = 34295812138BB27D00F8352F /* main.m */; };
		34295816138BB27D00F8352F /* PSGoogleReaderAppDelegate.m in Sources */ = {isa = PBXBuildFile; fileRef = 34295815138BB27D00F8352F /* PSGoogleReaderAppDelegate.m */; };
		34295819138BB27D00F8352F /* MainWindow.xib in Resources */ = {isa = PBXBuildFile; fileRef = 34295817138BB27D00F8352F /* MainWindow.xib */; };
		3429581C138BB27D00F8352F /* DetailViewController.m in Sources */ = {isa = PBXBuildFile; fileRef = 3429581B138BB27D00F8352F /* DetailViewController.m */; };
		3429581F138BB27D00F8352F /* DetailView.xib in Resources */ = {isa = PBXBuildFile; fileRef = 3429581D138BB27D00F8352F /* DetailView.xib */; };
		34295822138BB27D00F8352F /* RootViewController.m in Sources */ = {isa = PBXBuildFile; fileRef = 34295821138BB27D00F8352F /* RootViewController.m */; };
		3429582A138BB34200F8352F /* PSGoogleReader.m in Sources */ = {isa = PBXBuildFile; fileRef = 34295829138BB34200F8352F /* PSGoogleReader.m */; settings = {COMPILER_FLAGS = "-fno-objc-arc"; }; };
		343AAD37138D27FB0033939C /* libxml2.2.dylib in Frameworks */ = {isa = PBXBuildFile; fileRef = 343AAD36138D27FB0033939C /* libxml2.2.dylib */; };
		343AAD3A138D28240033939C /* libicucore.A.dylib in Frameworks */ = {isa = PBXBuildFile; fileRef = 343AAD39138D28240033939C /* libicucore.A.dylib */; };
		343AAD3C138D2B1F0033939C /* README in Resources */ = {isa = PBXBuildFile; fileRef = 343AAD3B138D2B1F0033939C /* README */; };
/* End PBXBuildFile section */

/* Begin PBXFileReference section */
		04DBFB5A14CFD89A0078C8B5 /* NSObject+SBJson.h */ = {isa = PBXFileReference; fileEncoding = 4; lastKnownFileType = sourcecode.c.h; path = "NSObject+SBJson.h"; sourceTree = "<group>"; };
		04DBFB5B14CFD89A0078C8B5 /* NSObject+SBJson.m */ = {isa = PBXFileReference; fileEncoding = 4; lastKnownFileType = sourcecode.c.objc; path = "NSObject+SBJson.m"; sourceTree = "<group>"; };
		04DBFB5C14CFD89A0078C8B5 /* SBJson.h */ = {isa = PBXFileReference; fileEncoding = 4; lastKnownFileType = sourcecode.c.h; path = SBJson.h; sourceTree = "<group>"; };
		04DBFB5D14CFD89A0078C8B5 /* SBJsonParser.h */ = {isa = PBXFileReference; fileEncoding = 4; lastKnownFileType = sourcecode.c.h; path = SBJsonParser.h; sourceTree = "<group>"; };
		04DBFB5E14CFD89A0078C8B5 /* SBJsonParser.m */ = {isa = PBXFileReference; fileEncoding = 4; lastKnownFileType = sourcecode.c.objc; path = SBJsonParser.m; sourceTree = "<group>"; };
		04DBFB5F14CFD89A0078C8B5 /* SBJsonStreamParser.h */ = {isa = PBXFileReference; fileEncoding = 4; lastKnownFileType = sourcecode.c.h; path = SBJsonStreamParser.h; sourceTree = "<group>"; };
		04DBFB6014CFD89A0078C8B5 /* SBJsonStreamParser.m */ = {isa = PBXFileReference; fileEncoding = 4; lastKnownFileType = sourcecode.c.objc; path = SBJsonStreamParser.m; sourceTree = "<group>"; };
		04DBFB6114CFD89A0078C8B5 /* SBJsonStreamParserAccumulator.h */ = {isa = PBXFileReference; fileEncoding = 4; lastKnownFileType = sourcecode.c.h; path = SBJsonStreamParserAccumulator.h; sourceTree = "<group>"; };
		04DBFB6214CFD89A0078C8B5 /* SBJsonStreamParserAccumulator.m */ = {isa = PBXFileReference; fileEncoding = 4; lastKnownFileType = sourcecode.c.objc; path = SBJsonStreamParserAccumulator.m; sourceTree = "<group>"; };
		04DBFB6314CFD89A0078C8B5 /* SBJsonStreamParserState.h */ = {isa = PBXFileReference; fileEncoding = 4; lastKnownFileType = sourcecode.c.h; path = SBJsonStreamParserState.h; sourceTree = "<group>"; };
		04DBFB6414CFD89A0078C8B5 /* SBJsonStreamParserState.m */ = {isa = PBXFileReference; fileEncoding = 4; lastKnownFileType = sourcecode.c.objc; path = SBJsonStreamParserState.m; sourceTree = "<group>"; };
		04DBFB6514CFD89A0078C8B5 /* SBJsonStreamWriter.h */ = {isa = PBXFileReference; fileEncoding = 4; lastKnownFileType = sourcecode.c.h; path = SBJsonStreamWriter.h; sourceTree = "<group>"; };
		04DBFB6614CFD89A0078C8B5 /* SBJsonStreamWriter.m */ = {isa = PBXFileReference; fileEncoding = 4; lastKnownFileType = sourcecode.c.objc; path = SBJsonStreamWriter.m; sourceTree = "<group>"; };
		04DBFB6714CFD89A0078C8B5 /* SBJsonStreamWriterAccumulator.h */ = {isa = PBXFileReference; fileEncoding = 4; lastKnownFileType = sourcecode.c.h; path = SBJsonStreamWriterAccumulator.h; sourceTree = "<group>"; };
		04DBFB6814CFD89A0078C8B5 /* SBJsonStreamWriterAccumulator.m */ = {isa = PBXFileReference; fileEncoding = 4; lastKnownFileType = sourcecode.c.objc; path = SBJsonStreamWriterAccumulator.m; sourceTree = "<group>"; };
		04DBFB6914CFD89A0078C8B5 /* SBJsonStreamWriterState.h */ = {isa = PBXFileReference; fileEncoding = 4; lastKnownFileType = sourcecode.c.h; path = SBJsonStreamWriterState.h; sourceTree = "<group>"; };
		04DBFB6A14CFD89A0078C8B5 /* SBJsonStreamWriterState.m */ = {isa = PBXFileReference; fileEncoding = 4; lastKnownFileType = sourcecode.c.objc; path = SBJsonStreamWriterState.m; sourceTree = "<group>"; };
		04DBFB6B14CFD89A0078C8B5 /* SBJsonTokeniser.h */ = {isa = PBXFileReference; fileEncoding = 4; lastKnownFileType = sourcecode.c.h; path = SBJsonTokeniser.h; sourceTree = "<group>"; };
		04DBFB6C14CFD89A0078C8B5 /* SBJsonTokeniser.m */ = {isa = PBXFileReference; fileEncoding = 4; lastKnownFileType = sourcecode.c.objc; path = SBJsonTokeniser.m; sourceTree = "<group>"; };
		04DBFB6D14CFD89A0078C8B5 /* SBJsonUTF8Stream.h */ = {isa = PBXFileReference; fileEncoding = 4; lastKnownFileType = sourcecode.c.h; path = SBJsonUTF8Stream.h; sourceTree = "<group>"; };
		04DBFB6E14CFD89A0078C8B5 /* SBJsonUTF8Stream.m */ = {isa = PBXFileReference; fileEncoding = 4; lastKnownFileType = sourcecode.c.objc; path = SBJsonUTF8Stream.m; sourceTree = "<group>"; };
		04DBFB6F14CFD89A0078C8B5 /* SBJsonWriter.h */ = {isa = PBXFileReference; fileEncoding = 4; lastKnownFileType = sourcecode.c.h; path = SBJsonWriter.h; sourceTree = "<group>"; };
		04DBFB7014CFD89A0078C8B5 /* SBJsonWriter.m */ = {isa = PBXFileReference; fileEncoding = 4; lastKnownFileType = sourcecode.c.objc; path = SBJsonWriter.m; sourceTree = "<group>"; };
		04DBFB7C14CFD8DE0078C8B5 /* GTMDefines.h */ = {isa = PBXFileReference; fileEncoding = 4; lastKnownFileType = sourcecode.c.h; path = GTMDefines.h; sourceTree = "<group>"; };
		04DBFB7D14CFD8DE0078C8B5 /* GTMNSString+HTML.h */ = {isa = PBXFileReference; fileEncoding = 4; lastKnownFileType = sourcecode.c.h; path = "GTMNSString+HTML.h"; sourceTree = "<group>"; };
		04DBFB7E14CFD8DE0078C8B5 /* GTMNSString+HTML.m */ = {isa = PBXFileReference; fileEncoding = 4; lastKnownFileType = sourcecode.c.objc; path = "GTMNSString+HTML.m"; sourceTree = "<group>"; };
		04DBFB7F14CFD8DE0078C8B5 /* RegexKitLite.h */ = {isa = PBXFileReference; fileEncoding = 4; lastKnownFileType = sourcecode.c.h; path = RegexKitLite.h; sourceTree = "<group>"; };
		04DBFB8014CFD8DE0078C8B5 /* RegexKitLite.m */ = {isa = PBXFileReference; fileEncoding = 4; lastKnownFileType = sourcecode.c.objc; path = RegexKitLite.m; sourceTree = "<group>"; };
		34295801138BB27D00F8352F /* PSGoogleReader.app */ = {isa = PBXFileReference; explicitFileType = wrapper.application; includeInIndex = 0; path = PSGoogleReader.app; sourceTree = BUILT_PRODUCTS_DIR; };
		34295805138BB27D00F8352F /* UIKit.framework */ = {isa = PBXFileReference; lastKnownFileType = wrapper.framework; name = UIKit.framework; path = System/Library/Frameworks/UIKit.framework; sourceTree = SDKROOT; };
		34295807138BB27D00F8352F /* Foundation.framework */ = {isa = PBXFileReference; lastKnownFileType = wrapper.framework; name = Foundation.framework; path = System/Library/Frameworks/Foundation.framework; sourceTree = SDKROOT; };
		34295809138BB27D00F8352F /* CoreGraphics.framework */ = {isa = PBXFileReference; lastKnownFileType = wrapper.framework; name = CoreGraphics.framework; path = System/Library/Frameworks/CoreGraphics.framework; sourceTree = SDKROOT; };
		3429580D138BB27D00F8352F /* PSGoogleReader-Info.plist */ = {isa = PBXFileReference; lastKnownFileType = text.plist.xml; path = "PSGoogleReader-Info.plist"; sourceTree = "<group>"; };
		3429580F138BB27D00F8352F /* en */ = {isa = PBXFileReference; lastKnownFileType = text.plist.strings; name = en; path = en.lproj/InfoPlist.strings; sourceTree = "<group>"; };
		34295811138BB27D00F8352F /* PSGoogleReader-Prefix.pch */ = {isa = PBXFileReference; lastKnownFileType = sourcecode.c.h; path = "PSGoogleReader-Prefix.pch"; sourceTree = "<group>"; };
		34295812138BB27D00F8352F /* main.m */ = {isa = PBXFileReference; lastKnownFileType = sourcecode.c.objc; path = main.m; sourceTree = "<group>"; };
		34295814138BB27D00F8352F /* PSGoogleReaderAppDelegate.h */ = {isa = PBXFileReference; lastKnownFileType = sourcecode.c.h; path = PSGoogleReaderAppDelegate.h; sourceTree = "<group>"; };
		34295815138BB27D00F8352F /* PSGoogleReaderAppDelegate.m */ = {isa = PBXFileReference; lastKnownFileType = sourcecode.c.objc; path = PSGoogleReaderAppDelegate.m; sourceTree = "<group>"; };
		34295818138BB27D00F8352F /* en */ = {isa = PBXFileReference; lastKnownFileType = file.xib; name = en; path = en.lproj/MainWindow.xib; sourceTree = "<group>"; };
		3429581A138BB27D00F8352F /* DetailViewController.h */ = {isa = PBXFileReference; lastKnownFileType = sourcecode.c.h; path = DetailViewController.h; sourceTree = "<group>"; };
		3429581B138BB27D00F8352F /* DetailViewController.m */ = {isa = PBXFileReference; lastKnownFileType = sourcecode.c.objc; path = DetailViewController.m; sourceTree = "<group>"; };
		3429581E138BB27D00F8352F /* en */ = {isa = PBXFileReference; lastKnownFileType = file.xib; name = en; path = en.lproj/DetailView.xib; sourceTree = "<group>"; };
		34295820138BB27D00F8352F /* RootViewController.h */ = {isa = PBXFileReference; lastKnownFileType = sourcecode.c.h; path = RootViewController.h; sourceTree = "<group>"; };
		34295821138BB27D00F8352F /* RootViewController.m */ = {isa = PBXFileReference; lastKnownFileType = sourcecode.c.objc; path = RootViewController.m; sourceTree = "<group>"; };
		34295828138BB34200F8352F /* PSGoogleReader.h */ = {isa = PBXFileReference; fileEncoding = 4; lastKnownFileType = sourcecode.c.h; path = PSGoogleReader.h; sourceTree = "<group>"; };
		34295829138BB34200F8352F /* PSGoogleReader.m */ = {isa = PBXFileReference; fileEncoding = 4; lastKnownFileType = sourcecode.c.objc; path = PSGoogleReader.m; sourceTree = "<group>"; };
		343AAD36138D27FB0033939C /* libxml2.2.dylib */ = {isa = PBXFileReference; lastKnownFileType = "compiled.mach-o.dylib"; name = libxml2.2.dylib; path = usr/lib/libxml2.2.dylib; sourceTree = SDKROOT; };
		343AAD39138D28240033939C /* libicucore.A.dylib */ = {isa = PBXFileReference; lastKnownFileType = "compiled.mach-o.dylib"; name = libicucore.A.dylib; path = usr/lib/libicucore.A.dylib; sourceTree = SDKROOT; };
		343AAD3B138D2B1F0033939C /* README */ = {isa = PBXFileReference; fileEncoding = 4; lastKnownFileType = text; path = README; sourceTree = "<group>"; };
/* End PBXFileReference section */

/* Begin PBXFrameworksBuildPhase section */
		342957FE138BB27D00F8352F /* Frameworks */ = {
			isa = PBXFrameworksBuildPhase;
			buildActionMask = 2147483647;
			files = (
				34295806138BB27D00F8352F /* UIKit.framework in Frameworks */,
				34295808138BB27D00F8352F /* Foundation.framework in Frameworks */,
				3429580A138BB27D00F8352F /* CoreGraphics.framework in Frameworks */,
				343AAD37138D27FB0033939C /* libxml2.2.dylib in Frameworks */,
				343AAD3A138D28240033939C /* libicucore.A.dylib in Frameworks */,
			);
			runOnlyForDeploymentPostprocessing = 0;
		};
/* End PBXFrameworksBuildPhase section */

/* Begin PBXGroup section */
		04DBFB5914CFD89A0078C8B5 /* SBJSON */ = {
			isa = PBXGroup;
			children = (
				04DBFB5A14CFD89A0078C8B5 /* NSObject+SBJson.h */,
				04DBFB5B14CFD89A0078C8B5 /* NSObject+SBJson.m */,
				04DBFB5C14CFD89A0078C8B5 /* SBJson.h */,
				04DBFB5D14CFD89A0078C8B5 /* SBJsonParser.h */,
				04DBFB5E14CFD89A0078C8B5 /* SBJsonParser.m */,
				04DBFB5F14CFD89A0078C8B5 /* SBJsonStreamParser.h */,
				04DBFB6014CFD89A0078C8B5 /* SBJsonStreamParser.m */,
				04DBFB6114CFD89A0078C8B5 /* SBJsonStreamParserAccumulator.h */,
				04DBFB6214CFD89A0078C8B5 /* SBJsonStreamParserAccumulator.m */,
				04DBFB6314CFD89A0078C8B5 /* SBJsonStreamParserState.h */,
				04DBFB6414CFD89A0078C8B5 /* SBJsonStreamParserState.m */,
				04DBFB6514CFD89A0078C8B5 /* SBJsonStreamWriter.h */,
				04DBFB6614CFD89A0078C8B5 /* SBJsonStreamWriter.m */,
				04DBFB6714CFD89A0078C8B5 /* SBJsonStreamWriterAccumulator.h */,
				04DBFB6814CFD89A0078C8B5 /* SBJsonStreamWriterAccumulator.m */,
				04DBFB6914CFD89A0078C8B5 /* SBJsonStreamWriterState.h */,
				04DBFB6A14CFD89A0078C8B5 /* SBJsonStreamWriterState.m */,
				04DBFB6B14CFD89A0078C8B5 /* SBJsonTokeniser.h */,
				04DBFB6C14CFD89A0078C8B5 /* SBJsonTokeniser.m */,
				04DBFB6D14CFD89A0078C8B5 /* SBJsonUTF8Stream.h */,
				04DBFB6E14CFD89A0078C8B5 /* SBJsonUTF8Stream.m */,
				04DBFB6F14CFD89A0078C8B5 /* SBJsonWriter.h */,
				04DBFB7014CFD89A0078C8B5 /* SBJsonWriter.m */,
			);
			path = SBJSON;
			sourceTree = "<group>";
		};
		342957F6138BB27C00F8352F = {
			isa = PBXGroup;
			children = (
				3429580B138BB27D00F8352F /* PSGoogleReader */,
				34295804138BB27D00F8352F /* Frameworks */,
				34295802138BB27D00F8352F /* Products */,
			);
			sourceTree = "<group>";
		};
		34295802138BB27D00F8352F /* Products */ = {
			isa = PBXGroup;
			children = (
				34295801138BB27D00F8352F /* PSGoogleReader.app */,
			);
			name = Products;
			sourceTree = "<group>";
		};
		34295804138BB27D00F8352F /* Frameworks */ = {
			isa = PBXGroup;
			children = (
				343AAD39138D28240033939C /* libicucore.A.dylib */,
				343AAD36138D27FB0033939C /* libxml2.2.dylib */,
				34295805138BB27D00F8352F /* UIKit.framework */,
				34295807138BB27D00F8352F /* Foundation.framework */,
				34295809138BB27D00F8352F /* CoreGraphics.framework */,
			);
			name = Frameworks;
			sourceTree = "<group>";
		};
		3429580B138BB27D00F8352F /* PSGoogleReader */ = {
			isa = PBXGroup;
			children = (
				34295814138BB27D00F8352F /* PSGoogleReaderAppDelegate.h */,
				34295815138BB27D00F8352F /* PSGoogleReaderAppDelegate.m */,
				3429582C138BB42B00F8352F /* Models */,
				3429582D138BB43900F8352F /* Views */,
				3429582B138BB42400F8352F /* Controllers */,
				3429582E138BB47B00F8352F /* Utilities */,
				3429580C138BB27D00F8352F /* Supporting Files */,
				343AAD3B138D2B1F0033939C /* README */,
			);
			path = PSGoogleReader;
			sourceTree = "<group>";
		};
		3429580C138BB27D00F8352F /* Supporting Files */ = {
			isa = PBXGroup;
			children = (
				3429580D138BB27D00F8352F /* PSGoogleReader-Info.plist */,
				3429580E138BB27D00F8352F /* InfoPlist.strings */,
				34295811138BB27D00F8352F /* PSGoogleReader-Prefix.pch */,
				34295812138BB27D00F8352F /* main.m */,
			);
			name = "Supporting Files";
			sourceTree = "<group>";
		};
		3429582B138BB42400F8352F /* Controllers */ = {
			isa = PBXGroup;
			children = (
				3429581A138BB27D00F8352F /* DetailViewController.h */,
				3429581B138BB27D00F8352F /* DetailViewController.m */,
				34295820138BB27D00F8352F /* RootViewController.h */,
				34295821138BB27D00F8352F /* RootViewController.m */,
			);
			name = Controllers;
			sourceTree = "<group>";
		};
		3429582C138BB42B00F8352F /* Models */ = {
			isa = PBXGroup;
			children = (
				34295828138BB34200F8352F /* PSGoogleReader.h */,
				34295829138BB34200F8352F /* PSGoogleReader.m */,
			);
			name = Models;
			sourceTree = "<group>";
		};
		3429582D138BB43900F8352F /* Views */ = {
			isa = PBXGroup;
			children = (
				34295817138BB27D00F8352F /* MainWindow.xib */,
				3429581D138BB27D00F8352F /* DetailView.xib */,
			);
			name = Views;
			sourceTree = "<group>";
		};
		3429582E138BB47B00F8352F /* Utilities */ = {
			isa = PBXGroup;
			children = (
				04DBFB7C14CFD8DE0078C8B5 /* GTMDefines.h */,
				04DBFB7D14CFD8DE0078C8B5 /* GTMNSString+HTML.h */,
				04DBFB7E14CFD8DE0078C8B5 /* GTMNSString+HTML.m */,
				04DBFB7F14CFD8DE0078C8B5 /* RegexKitLite.h */,
				04DBFB8014CFD8DE0078C8B5 /* RegexKitLite.m */,
				04DBFB5914CFD89A0078C8B5 /* SBJSON */,
			);
			name = Utilities;
			sourceTree = "<group>";
		};
/* End PBXGroup section */

/* Begin PBXNativeTarget section */
		34295800138BB27D00F8352F /* PSGoogleReader */ = {
			isa = PBXNativeTarget;
			buildConfigurationList = 34295825138BB27D00F8352F /* Build configuration list for PBXNativeTarget "PSGoogleReader" */;
			buildPhases = (
				342957FD138BB27D00F8352F /* Sources */,
				342957FE138BB27D00F8352F /* Frameworks */,
				342957FF138BB27D00F8352F /* Resources */,
			);
			buildRules = (
			);
			dependencies = (
			);
			name = PSGoogleReader;
			productName = PSGoogleReader;
			productReference = 34295801138BB27D00F8352F /* PSGoogleReader.app */;
			productType = "com.apple.product-type.application";
		};
/* End PBXNativeTarget section */

/* Begin PBXProject section */
		342957F8138BB27C00F8352F /* Project object */ = {
			isa = PBXProject;
			attributes = {
				LastUpgradeCheck = 0420;
			};
			buildConfigurationList = 342957FB138BB27C00F8352F /* Build configuration list for PBXProject "PSGoogleReader" */;
			compatibilityVersion = "Xcode 3.2";
			developmentRegion = English;
			hasScannedForEncodings = 0;
			knownRegions = (
				en,
			);
			mainGroup = 342957F6138BB27C00F8352F;
			productRefGroup = 34295802138BB27D00F8352F /* Products */;
			projectDirPath = "";
			projectRoot = "";
			targets = (
				34295800138BB27D00F8352F /* PSGoogleReader */,
			);
		};
/* End PBXProject section */

/* Begin PBXResourcesBuildPhase section */
		342957FF138BB27D00F8352F /* Resources */ = {
			isa = PBXResourcesBuildPhase;
			buildActionMask = 2147483647;
			files = (
				34295810138BB27D00F8352F /* InfoPlist.strings in Resources */,
				34295819138BB27D00F8352F /* MainWindow.xib in Resources */,
				3429581F138BB27D00F8352F /* DetailView.xib in Resources */,
				343AAD3C138D2B1F0033939C /* README in Resources */,
			);
			runOnlyForDeploymentPostprocessing = 0;
		};
/* End PBXResourcesBuildPhase section */

/* Begin PBXSourcesBuildPhase section */
		342957FD138BB27D00F8352F /* Sources */ = {
			isa = PBXSourcesBuildPhase;
			buildActionMask = 2147483647;
			files = (
				34295813138BB27D00F8352F /* main.m in Sources */,
				34295816138BB27D00F8352F /* PSGoogleReaderAppDelegate.m in Sources */,
				3429581C138BB27D00F8352F /* DetailViewController.m in Sources */,
				34295822138BB27D00F8352F /* RootViewController.m in Sources */,
				3429582A138BB34200F8352F /* PSGoogleReader.m in Sources */,
				04DBFB7114CFD89A0078C8B5 /* NSObject+SBJson.m in Sources */,
				04DBFB7214CFD89A0078C8B5 /* SBJsonParser.m in Sources */,
				04DBFB7314CFD89A0078C8B5 /* SBJsonStreamParser.m in Sources */,
				04DBFB7414CFD89A0078C8B5 /* SBJsonStreamParserAccumulator.m in Sources */,
				04DBFB7514CFD89A0078C8B5 /* SBJsonStreamParserState.m in Sources */,
				04DBFB7614CFD89A0078C8B5 /* SBJsonStreamWriter.m in Sources */,
				04DBFB7714CFD89A0078C8B5 /* SBJsonStreamWriterAccumulator.m in Sources */,
				04DBFB7814CFD89A0078C8B5 /* SBJsonStreamWriterState.m in Sources */,
				04DBFB7914CFD89A0078C8B5 /* SBJsonTokeniser.m in Sources */,
				04DBFB7A14CFD89A0078C8B5 /* SBJsonUTF8Stream.m in Sources */,
				04DBFB7B14CFD89A0078C8B5 /* SBJsonWriter.m in Sources */,
				04DBFB8114CFD8DE0078C8B5 /* GTMNSString+HTML.m in Sources */,
				04DBFB8214CFD8DE0078C8B5 /* RegexKitLite.m in Sources */,
			);
			runOnlyForDeploymentPostprocessing = 0;
		};
/* End PBXSourcesBuildPhase section */

/* Begin PBXVariantGroup section */
		3429580E138BB27D00F8352F /* InfoPlist.strings */ = {
			isa = PBXVariantGroup;
			children = (
				3429580F138BB27D00F8352F /* en */,
			);
			name = InfoPlist.strings;
			sourceTree = "<group>";
		};
		34295817138BB27D00F8352F /* MainWindow.xib */ = {
			isa = PBXVariantGroup;
			children = (
				34295818138BB27D00F8352F /* en */,
			);
			name = MainWindow.xib;
			sourceTree = "<group>";
		};
		3429581D138BB27D00F8352F /* DetailView.xib */ = {
			isa = PBXVariantGroup;
			children = (
				3429581E138BB27D00F8352F /* en */,
			);
			name = DetailView.xib;
			sourceTree = "<group>";
		};
/* End PBXVariantGroup section */

/* Begin XCBuildConfiguration section */
		34295823138BB27D00F8352F /* Debug */ = {
			isa = XCBuildConfiguration;
			buildSettings = {
				ARCHS = "$(ARCHS_UNIVERSAL_IPHONE_OS)";
				"CODE_SIGN_IDENTITY[sdk=iphoneos*]" = "iPhone Developer";
				GCC_C_LANGUAGE_STANDARD = gnu99;
				GCC_OPTIMIZATION_LEVEL = 0;
				GCC_PREPROCESSOR_DEFINITIONS = DEBUG;
				GCC_SYMBOLS_PRIVATE_EXTERN = NO;
				GCC_VERSION = com.apple.compilers.llvmgcc42;
				GCC_WARN_ABOUT_RETURN_TYPE = YES;
				GCC_WARN_UNUSED_VARIABLE = YES;
				IPHONEOS_DEPLOYMENT_TARGET = 5.0;
				SDKROOT = iphoneos;
				TARGETED_DEVICE_FAMILY = 2;
			};
			name = Debug;
		};
		34295824138BB27D00F8352F /* Release */ = {
			isa = XCBuildConfiguration;
			buildSettings = {
				ARCHS = "$(ARCHS_UNIVERSAL_IPHONE_OS)";
				"CODE_SIGN_IDENTITY[sdk=iphoneos*]" = "iPhone Developer";
				GCC_C_LANGUAGE_STANDARD = gnu99;
				GCC_VERSION = com.apple.compilers.llvmgcc42;
				GCC_WARN_ABOUT_RETURN_TYPE = YES;
				GCC_WARN_UNUSED_VARIABLE = YES;
				IPHONEOS_DEPLOYMENT_TARGET = 5.0;
				OTHER_CFLAGS = "-DNS_BLOCK_ASSERTIONS=1";
				SDKROOT = iphoneos;
				TARGETED_DEVICE_FAMILY = 2;
			};
			name = Release;
		};
		34295826138BB27D00F8352F /* Debug */ = {
			isa = XCBuildConfiguration;
			buildSettings = {
				ALWAYS_SEARCH_USER_PATHS = NO;
				CLANG_ENABLE_OBJC_ARC = YES;
				COPY_PHASE_STRIP = NO;
				GCC_DYNAMIC_NO_PIC = NO;
				GCC_PRECOMPILE_PREFIX_HEADER = YES;
				GCC_PREFIX_HEADER = "PSGoogleReader/PSGoogleReader-Prefix.pch";
				GCC_VERSION = com.apple.compilers.llvm.clang.1_0;
				INFOPLIST_FILE = "PSGoogleReader/PSGoogleReader-Info.plist";
				PRODUCT_NAME = "$(TARGET_NAME)";
				WRAPPER_EXTENSION = app;
			};
			name = Debug;
		};
		34295827138BB27D00F8352F /* Release */ = {
			isa = XCBuildConfiguration;
			buildSettings = {
				ALWAYS_SEARCH_USER_PATHS = NO;
				CLANG_ENABLE_OBJC_ARC = YES;
				COPY_PHASE_STRIP = YES;
				GCC_PRECOMPILE_PREFIX_HEADER = YES;
				GCC_PREFIX_HEADER = "PSGoogleReader/PSGoogleReader-Prefix.pch";
				GCC_VERSION = com.apple.compilers.llvm.clang.1_0;
				INFOPLIST_FILE = "PSGoogleReader/PSGoogleReader-Info.plist";
				PRODUCT_NAME = "$(TARGET_NAME)";
				VALIDATE_PRODUCT = YES;
				WRAPPER_EXTENSION = app;
			};
			name = Release;
		};
/* End XCBuildConfiguration section */

/* Begin XCConfigurationList section */
		342957FB138BB27C00F8352F /* Build configuration list for PBXProject "PSGoogleReader" */ = {
			isa = XCConfigurationList;
			buildConfigurations = (
				34295823138BB27D00F8352F /* Debug */,
				34295824138BB27D00F8352F /* Release */,
			);
			defaultConfigurationIsVisible = 0;
			defaultConfigurationName = Release;
		};
		34295825138BB27D00F8352F /* Build configuration list for PBXNativeTarget "PSGoogleReader" */ = {
			isa = XCConfigurationList;
			buildConfigurations = (
				34295826138BB27D00F8352F /* Debug */,
				34295827138BB27D00F8352F /* Release */,
			);
			defaultConfigurationIsVisible = 0;
			defaultConfigurationName = Release;
		};
/* End XCConfigurationList section */
	};
	rootObject = 342957F8138BB27C00F8352F /* Project object */;
}
